
Microsoft Visual Studio Solution File, Format Version 12.00
# Visual Studio Version 17
VisualStudioVersion = 17.3.32811.315
MinimumVisualStudioVersion = 10.0.40219.1
Project("{9A19103F-16F7-4668-BE54-9A1E7A4F7556}") = "Empresa.Models", "Models\Empresa.Models.csproj", "{E163C9B6-3F96-4664-B345-185364D90578}"
EndProject
Project("{9A19103F-16F7-4668-BE54-9A1E7A4F7556}") = "Empresa.UI.Windows", "WindowsApp\Empresa.UI.Windows.csproj", "{1B16E81F-C58C-4441-B607-2F41E0E47F3A}"
EndProject
Project("{9A19103F-16F7-4668-BE54-9A1E7A4F7556}") = "Empresa.Db", "Empresa.Db\Empresa.Db.csproj", "{9F0AB870-11F3-4A09-96DF-85BD99BB4DB6}"
EndProject
Project("{9A19103F-16F7-4668-BE54-9A1E7A4F7556}") = "Empresa.UI.Web", "Empresa.UI.Web\Empresa.UI.Web.csproj", "{C569EEF1-9039-4F5C-8607-0F0A472C1AD9}"
EndProject
Project("{2150E333-8FDC-42A3-9474-1A3956D46DE8}") = "Itens de Solução", "Itens de Solução", "{5E6D5C0D-2FDC-4CB0-99EB-AFE0DD2E99A5}"
	ProjectSection(SolutionItems) = preProject
		.gitignore = .gitignore
	EndProjectSection
EndProject
Global
	GlobalSection(SolutionConfigurationPlatforms) = preSolution
		Debug|Any CPU = Debug|Any CPU
		Release|Any CPU = Release|Any CPU
	EndGlobalSection
	GlobalSection(ProjectConfigurationPlatforms) = postSolution
		{E163C9B6-3F96-4664-B345-185364D90578}.Debug|Any CPU.ActiveCfg = Debug|Any CPU
		{E163C9B6-3F96-4664-B345-185364D90578}.Debug|Any CPU.Build.0 = Debug|Any CPU
		{E163C9B6-3F96-4664-B345-185364D90578}.Release|Any CPU.ActiveCfg = Release|Any CPU
		{E163C9B6-3F96-4664-B345-185364D90578}.Release|Any CPU.Build.0 = Release|Any CPU
		{1B16E81F-C58C-4441-B607-2F41E0E47F3A}.Debug|Any CPU.ActiveCfg = Debug|Any CPU
		{1B16E81F-C58C-4441-B607-2F41E0E47F3A}.Debug|Any CPU.Build.0 = Debug|Any CPU
		{1B16E81F-C58C-4441-B607-2F41E0E47F3A}.Release|Any CPU.ActiveCfg = Release|Any CPU
		{1B16E81F-C58C-4441-B607-2F41E0E47F3A}.Release|Any CPU.Build.0 = Release|Any CPU
		{9F0AB870-11F3-4A09-96DF-85BD99BB4DB6}.Debug|Any CPU.ActiveCfg = Debug|Any CPU
		{9F0AB870-11F3-4A09-96DF-85BD99BB4DB6}.Debug|Any CPU.Build.0 = Debug|Any CPU
		{9F0AB870-11F3-4A09-96DF-85BD99BB4DB6}.Release|Any CPU.ActiveCfg = Release|Any CPU
		{9F0AB870-11F3-4A09-96DF-85BD99BB4DB6}.Release|Any CPU.Build.0 = Release|Any CPU
		{C569EEF1-9039-4F5C-8607-0F0A472C1AD9}.Debug|Any CPU.ActiveCfg = Debug|Any CPU
		{C569EEF1-9039-4F5C-8607-0F0A472C1AD9}.Debug|Any CPU.Build.0 = Debug|Any CPU
		{C569EEF1-9039-4F5C-8607-0F0A472C1AD9}.Release|Any CPU.ActiveCfg = Release|Any CPU
		{C569EEF1-9039-4F5C-8607-0F0A472C1AD9}.Release|Any CPU.Build.0 = Release|Any CPU
	EndGlobalSection
	GlobalSection(SolutionProperties) = preSolution
		HideSolutionNode = FALSE
	EndGlobalSection
	GlobalSection(ExtensibilityGlobals) = postSolution
		SolutionGuid = {32DB9296-A1B5-482E-993F-9398B04367CD}
	EndGlobalSection
EndGlobal
